
Microsoft Visual Studio Solution File, Format Version 11.00
# Visual Studio 2010
Project("{FAE04EC0-301F-11D3-BF4B-00C04F79EFBC}") = "sConsole", "sConsole\sConsole.csproj", "{A58DB02E-1361-428E-A295-A1A4D41DC863}"
EndProject
Project("{FAE04EC0-301F-11D3-BF4B-00C04F79EFBC}") = "Test", "Test\Test.csproj", "{AD92BC78-A476-490F-A8D2-76EE92AF2D5B}"
EndProject
Global
	GlobalSection(SolutionConfigurationPlatforms) = preSolution
		Debug|Any CPU = Debug|Any CPU
		Release|Any CPU = Release|Any CPU
		Test|Any CPU = Test|Any CPU
	EndGlobalSection
	GlobalSection(ProjectConfigurationPlatforms) = postSolution
		{A58DB02E-1361-428E-A295-A1A4D41DC863}.Debug|Any CPU.ActiveCfg = Debug|Any CPU
		{A58DB02E-1361-428E-A295-A1A4D41DC863}.Debug|Any CPU.Build.0 = Debug|Any CPU
		{A58DB02E-1361-428E-A295-A1A4D41DC863}.Release|Any CPU.ActiveCfg = Release|Any CPU
		{A58DB02E-1361-428E-A295-A1A4D41DC863}.Release|Any CPU.Build.0 = Release|Any CPU
		{A58DB02E-1361-428E-A295-A1A4D41DC863}.Test|Any CPU.ActiveCfg = Test|Any CPU
		{A58DB02E-1361-428E-A295-A1A4D41DC863}.Test|Any CPU.Build.0 = Test|Any CPU
		{AD92BC78-A476-490F-A8D2-76EE92AF2D5B}.Debug|Any CPU.ActiveCfg = Debug|Any CPU
		{AD92BC78-A476-490F-A8D2-76EE92AF2D5B}.Release|Any CPU.ActiveCfg = Release|Any CPU
		{AD92BC78-A476-490F-A8D2-76EE92AF2D5B}.Test|Any CPU.ActiveCfg = Debug|Any CPU
		{AD92BC78-A476-490F-A8D2-76EE92AF2D5B}.Test|Any CPU.Build.0 = Debug|Any CPU
	EndGlobalSection
	GlobalSection(MonoDevelopProperties) = preSolution
		StartupItem = Test\Test.csproj
		version = 2.0
	EndGlobalSection
EndGlobal
